
Microsoft Visual Studio Solution File, Format Version 12.00
# Visual Studio Version 17
VisualStudioVersion = 17.5.33516.290
MinimumVisualStudioVersion = 10.0.40219.1
Project("{FAE04EC0-301F-11D3-BF4B-00C04F79EFBC}") = "AppImcMVVM.UWP", "AppImcMVVM\AppImcMVVM.UWP\AppImcMVVM.UWP.csproj", "{D10CA84F-3810-4DAB-BC24-7C48930DAE22}"
EndProject
Project("{FAE04EC0-301F-11D3-BF4B-00C04F79EFBC}") = "AppImcMVVM.Android", "AppImcMVVM\AppImcMVVM.Android\AppImcMVVM.Android.csproj", "{E107CBA5-E413-44E8-84B0-230CC90EECBA}"
EndProject
Project("{FAE04EC0-301F-11D3-BF4B-00C04F79EFBC}") = "AppImcMVVM.iOS", "AppImcMVVM\AppImcMVVM.iOS\AppImcMVVM.iOS.csproj", "{51F3A915-DB8C-420C-A88C-F988EEB712B5}"
EndProject
Project("{FAE04EC0-301F-11D3-BF4B-00C04F79EFBC}") = "AppImcMVVM", "AppImcMVVM\AppImcMVVM\AppImcMVVM.csproj", "{3B0B5A32-A574-4F6B-8C1F-2B9EB54E24E6}"
EndProject
Global
	GlobalSection(SolutionConfigurationPlatforms) = preSolution
		Debug|Any CPU = Debug|Any CPU
		Debug|ARM = Debug|ARM
		Debug|iPhone = Debug|iPhone
		Debug|iPhoneSimulator = Debug|iPhoneSimulator
		Debug|x64 = Debug|x64
		Debug|x86 = Debug|x86
		Release|Any CPU = Release|Any CPU
		Release|ARM = Release|ARM
		Release|iPhone = Release|iPhone
		Release|iPhoneSimulator = Release|iPhoneSimulator
		Release|x64 = Release|x64
		Release|x86 = Release|x86
	EndGlobalSection
	GlobalSection(ProjectConfigurationPlatforms) = postSolution
		{D10CA84F-3810-4DAB-BC24-7C48930DAE22}.Debug|Any CPU.ActiveCfg = Debug|x64
		{D10CA84F-3810-4DAB-BC24-7C48930DAE22}.Debug|Any CPU.Build.0 = Debug|x64
		{D10CA84F-3810-4DAB-BC24-7C48930DAE22}.Debug|Any CPU.Deploy.0 = Debug|x64
		{D10CA84F-3810-4DAB-BC24-7C48930DAE22}.Debug|ARM.ActiveCfg = Debug|ARM
		{D10CA84F-3810-4DAB-BC24-7C48930DAE22}.Debug|ARM.Build.0 = Debug|ARM
		{D10CA84F-3810-4DAB-BC24-7C48930DAE22}.Debug|ARM.Deploy.0 = Debug|ARM
		{D10CA84F-3810-4DAB-BC24-7C48930DAE22}.Debug|iPhone.ActiveCfg = Debug|x64
		{D10CA84F-3810-4DAB-BC24-7C48930DAE22}.Debug|iPhone.Build.0 = Debug|x64
		{D10CA84F-3810-4DAB-BC24-7C48930DAE22}.Debug|iPhone.Deploy.0 = Debug|x64
		{D10CA84F-3810-4DAB-BC24-7C48930DAE22}.Debug|iPhoneSimulator.ActiveCfg = Debug|x64
		{D10CA84F-3810-4DAB-BC24-7C48930DAE22}.Debug|iPhoneSimulator.Build.0 = Debug|x64
		{D10CA84F-3810-4DAB-BC24-7C48930DAE22}.Debug|iPhoneSimulator.Deploy.0 = Debug|x64
		{D10CA84F-3810-4DAB-BC24-7C48930DAE22}.Debug|x64.ActiveCfg = Debug|x64
		{D10CA84F-3810-4DAB-BC24-7C48930DAE22}.Debug|x64.Build.0 = Debug|x64
		{D10CA84F-3810-4DAB-BC24-7C48930DAE22}.Debug|x64.Deploy.0 = Debug|x64
		{D10CA84F-3810-4DAB-BC24-7C48930DAE22}.Debug|x86.ActiveCfg = Debug|x86
		{D10CA84F-3810-4DAB-BC24-7C48930DAE22}.Debug|x86.Build.0 = Debug|x86
		{D10CA84F-3810-4DAB-BC24-7C48930DAE22}.Debug|x86.Deploy.0 = Debug|x86
		{D10CA84F-3810-4DAB-BC24-7C48930DAE22}.Release|Any CPU.ActiveCfg = Release|x64
		{D10CA84F-3810-4DAB-BC24-7C48930DAE22}.Release|Any CPU.Build.0 = Release|x64
		{D10CA84F-3810-4DAB-BC24-7C48930DAE22}.Release|Any CPU.Deploy.0 = Release|x64
		{D10CA84F-3810-4DAB-BC24-7C48930DAE22}.Release|ARM.ActiveCfg = Release|ARM
		{D10CA84F-3810-4DAB-BC24-7C48930DAE22}.Release|ARM.Build.0 = Release|ARM
		{D10CA84F-3810-4DAB-BC24-7C48930DAE22}.Release|ARM.Deploy.0 = Release|ARM
		{D10CA84F-3810-4DAB-BC24-7C48930DAE22}.Release|iPhone.ActiveCfg = Release|x64
		{D10CA84F-3810-4DAB-BC24-7C48930DAE22}.Release|iPhone.Build.0 = Release|x64
		{D10CA84F-3810-4DAB-BC24-7C48930DAE22}.Release|iPhone.Deploy.0 = Release|x64
		{D10CA84F-3810-4DAB-BC24-7C48930DAE22}.Release|iPhoneSimulator.ActiveCfg = Release|x64
		{D10CA84F-3810-4DAB-BC24-7C48930DAE22}.Release|iPhoneSimulator.Build.0 = Release|x64
		{D10CA84F-3810-4DAB-BC24-7C48930DAE22}.Release|iPhoneSimulator.Deploy.0 = Release|x64
		{D10CA84F-3810-4DAB-BC24-7C48930DAE22}.Release|x64.ActiveCfg = Release|x64
		{D10CA84F-3810-4DAB-BC24-7C48930DAE22}.Release|x64.Build.0 = Release|x64
		{D10CA84F-3810-4DAB-BC24-7C48930DAE22}.Release|x64.Deploy.0 = Release|x64
		{D10CA84F-3810-4DAB-BC24-7C48930DAE22}.Release|x86.ActiveCfg = Release|x86
		{D10CA84F-3810-4DAB-BC24-7C48930DAE22}.Release|x86.Build.0 = Release|x86
		{D10CA84F-3810-4DAB-BC24-7C48930DAE22}.Release|x86.Deploy.0 = Release|x86
		{E107CBA5-E413-44E8-84B0-230CC90EECBA}.Debug|Any CPU.ActiveCfg = Debug|Any CPU
		{E107CBA5-E413-44E8-84B0-230CC90EECBA}.Debug|Any CPU.Build.0 = Debug|Any CPU
		{E107CBA5-E413-44E8-84B0-230CC90EECBA}.Debug|Any CPU.Deploy.0 = Debug|Any CPU
		{E107CBA5-E413-44E8-84B0-230CC90EECBA}.Debug|ARM.ActiveCfg = Debug|Any CPU
		{E107CBA5-E413-44E8-84B0-230CC90EECBA}.Debug|ARM.Build.0 = Debug|Any CPU
		{E107CBA5-E413-44E8-84B0-230CC90EECBA}.Debug|ARM.Deploy.0 = Debug|Any CPU
		{E107CBA5-E413-44E8-84B0-230CC90EECBA}.Debug|iPhone.ActiveCfg = Debug|Any CPU
		{E107CBA5-E413-44E8-84B0-230CC90EECBA}.Debug|iPhone.Build.0 = Debug|Any CPU
		{E107CBA5-E413-44E8-84B0-230CC90EECBA}.Debug|iPhone.Deploy.0 = Debug|Any CPU
		{E107CBA5-E413-44E8-84B0-230CC90EECBA}.Debug|iPhoneSimulator.ActiveCfg = Debug|Any CPU
		{E107CBA5-E413-44E8-84B0-230CC90EECBA}.Debug|iPhoneSimulator.Build.0 = Debug|Any CPU
		{E107CBA5-E413-44E8-84B0-230CC90EECBA}.Debug|iPhoneSimulator.Deploy.0 = Debug|Any CPU
		{E107CBA5-E413-44E8-84B0-230CC90EECBA}.Debug|x64.ActiveCfg = Debug|Any CPU
		{E107CBA5-E413-44E8-84B0-230CC90EECBA}.Debug|x64.Build.0 = Debug|Any CPU
		{E107CBA5-E413-44E8-84B0-230CC90EECBA}.Debug|x64.Deploy.0 = Debug|Any CPU
		{E107CBA5-E413-44E8-84B0-230CC90EECBA}.Debug|x86.ActiveCfg = Debug|Any CPU
		{E107CBA5-E413-44E8-84B0-230CC90EECBA}.Debug|x86.Build.0 = Debug|Any CPU
		{E107CBA5-E413-44E8-84B0-230CC90EECBA}.Debug|x86.Deploy.0 = Debug|Any CPU
		{E107CBA5-E413-44E8-84B0-230CC90EECBA}.Release|Any CPU.ActiveCfg = Release|Any CPU
		{E107CBA5-E413-44E8-84B0-230CC90EECBA}.Release|Any CPU.Build.0 = Release|Any CPU
		{E107CBA5-E413-44E8-84B0-230CC90EECBA}.Release|Any CPU.Deploy.0 = Release|Any CPU
		{E107CBA5-E413-44E8-84B0-230CC90EECBA}.Release|ARM.ActiveCfg = Release|Any CPU
		{E107CBA5-E413-44E8-84B0-230CC90EECBA}.Release|ARM.Build.0 = Release|Any CPU
		{E107CBA5-E413-44E8-84B0-230CC90EECBA}.Release|ARM.Deploy.0 = Release|Any CPU
		{E107CBA5-E413-44E8-84B0-230CC90EECBA}.Release|iPhone.ActiveCfg = Release|Any CPU
		{E107CBA5-E413-44E8-84B0-230CC90EECBA}.Release|iPhone.Build.0 = Release|Any CPU
		{E107CBA5-E413-44E8-84B0-230CC90EECBA}.Release|iPhone.Deploy.0 = Release|Any CPU
		{E107CBA5-E413-44E8-84B0-230CC90EECBA}.Release|iPhoneSimulator.ActiveCfg = Release|Any CPU
		{E107CBA5-E413-44E8-84B0-230CC90EECBA}.Release|iPhoneSimulator.Build.0 = Release|Any CPU
		{E107CBA5-E413-44E8-84B0-230CC90EECBA}.Release|iPhoneSimulator.Deploy.0 = Release|Any CPU
		{E107CBA5-E413-44E8-84B0-230CC90EECBA}.Release|x64.ActiveCfg = Release|Any CPU
		{E107CBA5-E413-44E8-84B0-230CC90EECBA}.Release|x64.Build.0 = Release|Any CPU
		{E107CBA5-E413-44E8-84B0-230CC90EECBA}.Release|x64.Deploy.0 = Release|Any CPU
		{E107CBA5-E413-44E8-84B0-230CC90EECBA}.Release|x86.ActiveCfg = Release|Any CPU
		{E107CBA5-E413-44E8-84B0-230CC90EECBA}.Release|x86.Build.0 = Release|Any CPU
		{E107CBA5-E413-44E8-84B0-230CC90EECBA}.Release|x86.Deploy.0 = Release|Any CPU
		{51F3A915-DB8C-420C-A88C-F988EEB712B5}.Debug|Any CPU.ActiveCfg = Debug|iPhoneSimulator
		{51F3A915-DB8C-420C-A88C-F988EEB712B5}.Debug|Any CPU.Build.0 = Debug|iPhoneSimulator
		{51F3A915-DB8C-420C-A88C-F988EEB712B5}.Debug|Any CPU.Deploy.0 = Debug|iPhoneSimulator
		{51F3A915-DB8C-420C-A88C-F988EEB712B5}.Debug|ARM.ActiveCfg = Debug|iPhoneSimulator
		{51F3A915-DB8C-420C-A88C-F988EEB712B5}.Debug|ARM.Build.0 = Debug|iPhoneSimulator
		{51F3A915-DB8C-420C-A88C-F988EEB712B5}.Debug|ARM.Deploy.0 = Debug|iPhoneSimulator
		{51F3A915-DB8C-420C-A88C-F988EEB712B5}.Debug|iPhone.ActiveCfg = Debug|iPhone
		{51F3A915-DB8C-420C-A88C-F988EEB712B5}.Debug|iPhone.Build.0 = Debug|iPhone
		{51F3A915-DB8C-420C-A88C-F988EEB712B5}.Debug|iPhone.Deploy.0 = Debug|iPhone
		{51F3A915-DB8C-420C-A88C-F988EEB712B5}.Debug|iPhoneSimulator.ActiveCfg = Debug|iPhoneSimulator
		{51F3A915-DB8C-420C-A88C-F988EEB712B5}.Debug|iPhoneSimulator.Build.0 = Debug|iPhoneSimulator
		{51F3A915-DB8C-420C-A88C-F988EEB712B5}.Debug|iPhoneSimulator.Deploy.0 = Debug|iPhoneSimulator
		{51F3A915-DB8C-420C-A88C-F988EEB712B5}.Debug|x64.ActiveCfg = Debug|iPhone
		{51F3A915-DB8C-420C-A88C-F988EEB712B5}.Debug|x64.Build.0 = Debug|iPhone
		{51F3A915-DB8C-420C-A88C-F988EEB712B5}.Debug|x64.Deploy.0 = Debug|iPhone
		{51F3A915-DB8C-420C-A88C-F988EEB712B5}.Debug|x86.ActiveCfg = Debug|iPhoneSimulator
		{51F3A915-DB8C-420C-A88C-F988EEB712B5}.Debug|x86.Build.0 = Debug|iPhoneSimulator
		{51F3A915-DB8C-420C-A88C-F988EEB712B5}.Debug|x86.Deploy.0 = Debug|iPhoneSimulator
		{51F3A915-DB8C-420C-A88C-F988EEB712B5}.Release|Any CPU.ActiveCfg = Release|iPhoneSimulator
		{51F3A915-DB8C-420C-A88C-F988EEB712B5}.Release|Any CPU.Build.0 = Release|iPhoneSimulator
		{51F3A915-DB8C-420C-A88C-F988EEB712B5}.Release|Any CPU.Deploy.0 = Release|iPhoneSimulator
		{51F3A915-DB8C-420C-A88C-F988EEB712B5}.Release|ARM.ActiveCfg = Release|iPhoneSimulator
		{51F3A915-DB8C-420C-A88C-F988EEB712B5}.Release|ARM.Build.0 = Release|iPhoneSimulator
		{51F3A915-DB8C-420C-A88C-F988EEB712B5}.Release|ARM.Deploy.0 = Release|iPhoneSimulator
		{51F3A915-DB8C-420C-A88C-F988EEB712B5}.Release|iPhone.ActiveCfg = Release|iPhone
		{51F3A915-DB8C-420C-A88C-F988EEB712B5}.Release|iPhone.Build.0 = Release|iPhone
		{51F3A915-DB8C-420C-A88C-F988EEB712B5}.Release|iPhone.Deploy.0 = Release|iPhone
		{51F3A915-DB8C-420C-A88C-F988EEB712B5}.Release|iPhoneSimulator.ActiveCfg = Release|iPhoneSimulator
		{51F3A915-DB8C-420C-A88C-F988EEB712B5}.Release|iPhoneSimulator.Build.0 = Release|iPhoneSimulator
		{51F3A915-DB8C-420C-A88C-F988EEB712B5}.Release|iPhoneSimulator.Deploy.0 = Release|iPhoneSimulator
		{51F3A915-DB8C-420C-A88C-F988EEB712B5}.Release|x64.ActiveCfg = Release|iPhoneSimulator
		{51F3A915-DB8C-420C-A88C-F988EEB712B5}.Release|x64.Build.0 = Release|iPhoneSimulator
		{51F3A915-DB8C-420C-A88C-F988EEB712B5}.Release|x64.Deploy.0 = Release|iPhoneSimulator
		{51F3A915-DB8C-420C-A88C-F988EEB712B5}.Release|x86.ActiveCfg = Release|iPhoneSimulator
		{51F3A915-DB8C-420C-A88C-F988EEB712B5}.Release|x86.Build.0 = Release|iPhoneSimulator
		{51F3A915-DB8C-420C-A88C-F988EEB712B5}.Release|x86.Deploy.0 = Release|iPhoneSimulator
		{3B0B5A32-A574-4F6B-8C1F-2B9EB54E24E6}.Debug|Any CPU.ActiveCfg = Debug|Any CPU
		{3B0B5A32-A574-4F6B-8C1F-2B9EB54E24E6}.Debug|Any CPU.Build.0 = Debug|Any CPU
		{3B0B5A32-A574-4F6B-8C1F-2B9EB54E24E6}.Debug|Any CPU.Deploy.0 = Debug|Any CPU
		{3B0B5A32-A574-4F6B-8C1F-2B9EB54E24E6}.Debug|ARM.ActiveCfg = Debug|Any CPU
		{3B0B5A32-A574-4F6B-8C1F-2B9EB54E24E6}.Debug|ARM.Build.0 = Debug|Any CPU
		{3B0B5A32-A574-4F6B-8C1F-2B9EB54E24E6}.Debug|ARM.Deploy.0 = Debug|Any CPU
		{3B0B5A32-A574-4F6B-8C1F-2B9EB54E24E6}.Debug|iPhone.ActiveCfg = Debug|Any CPU
		{3B0B5A32-A574-4F6B-8C1F-2B9EB54E24E6}.Debug|iPhone.Build.0 = Debug|Any CPU
		{3B0B5A32-A574-4F6B-8C1F-2B9EB54E24E6}.Debug|iPhone.Deploy.0 = Debug|Any CPU
		{3B0B5A32-A574-4F6B-8C1F-2B9EB54E24E6}.Debug|iPhoneSimulator.ActiveCfg = Debug|Any CPU
		{3B0B5A32-A574-4F6B-8C1F-2B9EB54E24E6}.Debug|iPhoneSimulator.Build.0 = Debug|Any CPU
		{3B0B5A32-A574-4F6B-8C1F-2B9EB54E24E6}.Debug|iPhoneSimulator.Deploy.0 = Debug|Any CPU
		{3B0B5A32-A574-4F6B-8C1F-2B9EB54E24E6}.Debug|x64.ActiveCfg = Debug|Any CPU
		{3B0B5A32-A574-4F6B-8C1F-2B9EB54E24E6}.Debug|x64.Build.0 = Debug|Any CPU
		{3B0B5A32-A574-4F6B-8C1F-2B9EB54E24E6}.Debug|x64.Deploy.0 = Debug|Any CPU
		{3B0B5A32-A574-4F6B-8C1F-2B9EB54E24E6}.Debug|x86.ActiveCfg = Debug|Any CPU
		{3B0B5A32-A574-4F6B-8C1F-2B9EB54E24E6}.Debug|x86.Build.0 = Debug|Any CPU
		{3B0B5A32-A574-4F6B-8C1F-2B9EB54E24E6}.Debug|x86.Deploy.0 = Debug|Any CPU
		{3B0B5A32-A574-4F6B-8C1F-2B9EB54E24E6}.Release|Any CPU.ActiveCfg = Release|Any CPU
		{3B0B5A32-A574-4F6B-8C1F-2B9EB54E24E6}.Release|Any CPU.Build.0 = Release|Any CPU
		{3B0B5A32-A574-4F6B-8C1F-2B9EB54E24E6}.Release|Any CPU.Deploy.0 = Release|Any CPU
		{3B0B5A32-A574-4F6B-8C1F-2B9EB54E24E6}.Release|ARM.ActiveCfg = Release|Any CPU
		{3B0B5A32-A574-4F6B-8C1F-2B9EB54E24E6}.Release|ARM.Build.0 = Release|Any CPU
		{3B0B5A32-A574-4F6B-8C1F-2B9EB54E24E6}.Release|ARM.Deploy.0 = Release|Any CPU
		{3B0B5A32-A574-4F6B-8C1F-2B9EB54E24E6}.Release|iPhone.ActiveCfg = Release|Any CPU
		{3B0B5A32-A574-4F6B-8C1F-2B9EB54E24E6}.Release|iPhone.Build.0 = Release|Any CPU
		{3B0B5A32-A574-4F6B-8C1F-2B9EB54E24E6}.Release|iPhone.Deploy.0 = Release|Any CPU
		{3B0B5A32-A574-4F6B-8C1F-2B9EB54E24E6}.Release|iPhoneSimulator.ActiveCfg = Release|Any CPU
		{3B0B5A32-A574-4F6B-8C1F-2B9EB54E24E6}.Release|iPhoneSimulator.Build.0 = Release|Any CPU
		{3B0B5A32-A574-4F6B-8C1F-2B9EB54E24E6}.Release|iPhoneSimulator.Deploy.0 = Release|Any CPU
		{3B0B5A32-A574-4F6B-8C1F-2B9EB54E24E6}.Release|x64.ActiveCfg = Release|Any CPU
		{3B0B5A32-A574-4F6B-8C1F-2B9EB54E24E6}.Release|x64.Build.0 = Release|Any CPU
		{3B0B5A32-A574-4F6B-8C1F-2B9EB54E24E6}.Release|x64.Deploy.0 = Release|Any CPU
		{3B0B5A32-A574-4F6B-8C1F-2B9EB54E24E6}.Release|x86.ActiveCfg = Release|Any CPU
		{3B0B5A32-A574-4F6B-8C1F-2B9EB54E24E6}.Release|x86.Build.0 = Release|Any CPU
		{3B0B5A32-A574-4F6B-8C1F-2B9EB54E24E6}.Release|x86.Deploy.0 = Release|Any CPU
	EndGlobalSection
	GlobalSection(SolutionProperties) = preSolution
		HideSolutionNode = FALSE
	EndGlobalSection
	GlobalSection(ExtensibilityGlobals) = postSolution
		SolutionGuid = {F8697268-9B0E-4334-8CDC-C5AC2FD4E2BD}
	EndGlobalSection
EndGlobal
